
Microsoft Visual Studio Solution File, Format Version 12.00
# Visual Studio Version 17
VisualStudioVersion = 17.7.34031.279
MinimumVisualStudioVersion = 10.0.40219.1
Project("{9A19103F-16F7-4668-BE54-9A1E7A4F7556}") = "Application", "Application\Application.csproj", "{4E9B7929-487B-4F83-956E-C08006B6D5DA}"
EndProject
Project("{9A19103F-16F7-4668-BE54-9A1E7A4F7556}") = "WebUI", "WebUI\WebUI.csproj", "{C4A0B87C-314A-4213-8122-409C506579FD}"
EndProject
Project("{9A19103F-16F7-4668-BE54-9A1E7A4F7556}") = "Infrastructure", "Infrastructure\Infrastructure.csproj", "{14CDB81E-8310-465E-8616-EAD2571E87B4}"
EndProject
Project("{9A19103F-16F7-4668-BE54-9A1E7A4F7556}") = "Domain", "Domain\Domain.csproj", "{2FCCEF00-CECE-440E-98E6-86E64DC58738}"
EndProject
Project("{FAE04EC0-301F-11D3-BF4B-00C04F79EFBC}") = "TestShop", "TestShop\TestShop.csproj", "{6895315B-2481-4014-B40D-02C62E1B9DD6}"
EndProject
Global
	GlobalSection(SolutionConfigurationPlatforms) = preSolution
		Debug|Any CPU = Debug|Any CPU
		Release|Any CPU = Release|Any CPU
	EndGlobalSection
	GlobalSection(ProjectConfigurationPlatforms) = postSolution
		{4E9B7929-487B-4F83-956E-C08006B6D5DA}.Debug|Any CPU.ActiveCfg = Debug|Any CPU
		{4E9B7929-487B-4F83-956E-C08006B6D5DA}.Debug|Any CPU.Build.0 = Debug|Any CPU
		{4E9B7929-487B-4F83-956E-C08006B6D5DA}.Release|Any CPU.ActiveCfg = Release|Any CPU
		{4E9B7929-487B-4F83-956E-C08006B6D5DA}.Release|Any CPU.Build.0 = Release|Any CPU
		{C4A0B87C-314A-4213-8122-409C506579FD}.Debug|Any CPU.ActiveCfg = Release|Any CPU
		{C4A0B87C-314A-4213-8122-409C506579FD}.Debug|Any CPU.Build.0 = Release|Any CPU
		{C4A0B87C-314A-4213-8122-409C506579FD}.Release|Any CPU.ActiveCfg = Release|Any CPU
		{C4A0B87C-314A-4213-8122-409C506579FD}.Release|Any CPU.Build.0 = Release|Any CPU
		{14CDB81E-8310-465E-8616-EAD2571E87B4}.Debug|Any CPU.ActiveCfg = Debug|Any CPU
		{14CDB81E-8310-465E-8616-EAD2571E87B4}.Debug|Any CPU.Build.0 = Debug|Any CPU
		{14CDB81E-8310-465E-8616-EAD2571E87B4}.Release|Any CPU.ActiveCfg = Release|Any CPU
		{14CDB81E-8310-465E-8616-EAD2571E87B4}.Release|Any CPU.Build.0 = Release|Any CPU
		{2FCCEF00-CECE-440E-98E6-86E64DC58738}.Debug|Any CPU.ActiveCfg = Debug|Any CPU
		{2FCCEF00-CECE-440E-98E6-86E64DC58738}.Debug|Any CPU.Build.0 = Debug|Any CPU
		{2FCCEF00-CECE-440E-98E6-86E64DC58738}.Release|Any CPU.ActiveCfg = Release|Any CPU
		{2FCCEF00-CECE-440E-98E6-86E64DC58738}.Release|Any CPU.Build.0 = Release|Any CPU
		{6895315B-2481-4014-B40D-02C62E1B9DD6}.Debug|Any CPU.ActiveCfg = Debug|Any CPU
		{6895315B-2481-4014-B40D-02C62E1B9DD6}.Debug|Any CPU.Build.0 = Debug|Any CPU
		{6895315B-2481-4014-B40D-02C62E1B9DD6}.Release|Any CPU.ActiveCfg = Release|Any CPU
		{6895315B-2481-4014-B40D-02C62E1B9DD6}.Release|Any CPU.Build.0 = Release|Any CPU
	EndGlobalSection
	GlobalSection(SolutionProperties) = preSolution
		HideSolutionNode = FALSE
	EndGlobalSection
	GlobalSection(ExtensibilityGlobals) = postSolution
		SolutionGuid = {1C2520D9-EA46-449F-8B83-3B6F90575D79}
	EndGlobalSection
EndGlobal
